// !$*UTF8*$!
{
	archiveVersion = 1;
	classes = {
	};
	objectVersion = 56;
	objects = {

/* Begin PBXBuildFile section */
		5B83124C2A0D8EAE00AD15BA /* MealFinderApp.swift in Sources */ = {isa = PBXBuildFile; fileRef = 5B83124B2A0D8EAE00AD15BA /* MealFinderApp.swift */; };
		5B83124E2A0D8EAE00AD15BA /* ContentView.swift in Sources */ = {isa = PBXBuildFile; fileRef = 5B83124D2A0D8EAE00AD15BA /* ContentView.swift */; };
		5B8312502A0D8EB500AD15BA /* Assets.xcassets in Resources */ = {isa = PBXBuildFile; fileRef = 5B83124F2A0D8EB500AD15BA /* Assets.xcassets */; };
		5B8312532A0D8EB500AD15BA /* Preview Assets.xcassets in Resources */ = {isa = PBXBuildFile; fileRef = 5B8312522A0D8EB500AD15BA /* Preview Assets.xcassets */; };
		5B83125A2A0D8F1D00AD15BA /* Meal.swift in Sources */ = {isa = PBXBuildFile; fileRef = 5B8312592A0D8F1D00AD15BA /* Meal.swift */; };
		5B83125C2A0D924C00AD15BA /* CategoryView.swift in Sources */ = {isa = PBXBuildFile; fileRef = 5B83125B2A0D924C00AD15BA /* CategoryView.swift */; };
		5B83125E2A0D92DF00AD15BA /* CategoryView_ViewModel.swift in Sources */ = {isa = PBXBuildFile; fileRef = 5B83125D2A0D92DF00AD15BA /* CategoryView_ViewModel.swift */; };
		5B8312602A0D9DBB00AD15BA /* MealView.swift in Sources */ = {isa = PBXBuildFile; fileRef = 5B83125F2A0D9DBB00AD15BA /* MealView.swift */; };
		5B8312622A0DA18D00AD15BA /* MealDetailView.swift in Sources */ = {isa = PBXBuildFile; fileRef = 5B8312612A0DA18D00AD15BA /* MealDetailView.swift */; };
		5B8312672A0DCE7500AD15BA /* YouTubeVideoPlayer.swift in Sources */ = {isa = PBXBuildFile; fileRef = 5B8312662A0DCE7500AD15BA /* YouTubeVideoPlayer.swift */; };
		5B83126F2A0EB52700AD15BA /* MealFinderTests.swift in Sources */ = {isa = PBXBuildFile; fileRef = 5B83126E2A0EB52700AD15BA /* MealFinderTests.swift */; };
		5B8312752A0EBD8400AD15BA /* ContentView.swift in Sources */ = {isa = PBXBuildFile; fileRef = 5B83124D2A0D8EAE00AD15BA /* ContentView.swift */; };
		5B8312762A0EBEA800AD15BA /* Meal.swift in Sources */ = {isa = PBXBuildFile; fileRef = 5B8312592A0D8F1D00AD15BA /* Meal.swift */; };
		5B8312772A0EBEBD00AD15BA /* CategoryView.swift in Sources */ = {isa = PBXBuildFile; fileRef = 5B83125B2A0D924C00AD15BA /* CategoryView.swift */; };
		5B8312782A0EBECC00AD15BA /* CategoryView_ViewModel.swift in Sources */ = {isa = PBXBuildFile; fileRef = 5B83125D2A0D92DF00AD15BA /* CategoryView_ViewModel.swift */; };
		5B8312792A0EBEDB00AD15BA /* MealView.swift in Sources */ = {isa = PBXBuildFile; fileRef = 5B83125F2A0D9DBB00AD15BA /* MealView.swift */; };
		5B83127A2A0EBEDE00AD15BA /* MealDetailView.swift in Sources */ = {isa = PBXBuildFile; fileRef = 5B8312612A0DA18D00AD15BA /* MealDetailView.swift */; };
		5B83127B2A0EBEE200AD15BA /* YouTubeVideoPlayer.swift in Sources */ = {isa = PBXBuildFile; fileRef = 5B8312662A0DCE7500AD15BA /* YouTubeVideoPlayer.swift */; };
		5B83127D2A0F0A5700AD15BA /* MealDetailView_ViewModel.swift in Sources */ = {isa = PBXBuildFile; fileRef = 5B83127C2A0F0A5600AD15BA /* MealDetailView_ViewModel.swift */; };
		5B83127E2A0F0A5700AD15BA /* MealDetailView_ViewModel.swift in Sources */ = {isa = PBXBuildFile; fileRef = 5B83127C2A0F0A5600AD15BA /* MealDetailView_ViewModel.swift */; };
/* End PBXBuildFile section */

/* Begin PBXContainerItemProxy section */
		5B8312702A0EB52700AD15BA /* PBXContainerItemProxy */ = {
			isa = PBXContainerItemProxy;
			containerPortal = 5B8312402A0D8EAE00AD15BA /* Project object */;
			proxyType = 1;
			remoteGlobalIDString = 5B8312472A0D8EAE00AD15BA;
			remoteInfo = MealFinder;
		};
/* End PBXContainerItemProxy section */

/* Begin PBXFileReference section */
		5B8312482A0D8EAE00AD15BA /* MealFinder.app */ = {isa = PBXFileReference; explicitFileType = wrapper.application; includeInIndex = 0; path = MealFinder.app; sourceTree = BUILT_PRODUCTS_DIR; };
		5B83124B2A0D8EAE00AD15BA /* MealFinderApp.swift */ = {isa = PBXFileReference; lastKnownFileType = sourcecode.swift; path = MealFinderApp.swift; sourceTree = "<group>"; };
		5B83124D2A0D8EAE00AD15BA /* ContentView.swift */ = {isa = PBXFileReference; lastKnownFileType = sourcecode.swift; path = ContentView.swift; sourceTree = "<group>"; };
		5B83124F2A0D8EB500AD15BA /* Assets.xcassets */ = {isa = PBXFileReference; lastKnownFileType = folder.assetcatalog; path = Assets.xcassets; sourceTree = "<group>"; };
		5B8312522A0D8EB500AD15BA /* Preview Assets.xcassets */ = {isa = PBXFileReference; lastKnownFileType = folder.assetcatalog; path = "Preview Assets.xcassets"; sourceTree = "<group>"; };
		5B8312592A0D8F1D00AD15BA /* Meal.swift */ = {isa = PBXFileReference; lastKnownFileType = sourcecode.swift; path = Meal.swift; sourceTree = "<group>"; };
		5B83125B2A0D924C00AD15BA /* CategoryView.swift */ = {isa = PBXFileReference; lastKnownFileType = sourcecode.swift; path = CategoryView.swift; sourceTree = "<group>"; };
		5B83125D2A0D92DF00AD15BA /* CategoryView_ViewModel.swift */ = {isa = PBXFileReference; lastKnownFileType = sourcecode.swift; path = CategoryView_ViewModel.swift; sourceTree = "<group>"; };
		5B83125F2A0D9DBB00AD15BA /* MealView.swift */ = {isa = PBXFileReference; lastKnownFileType = sourcecode.swift; path = MealView.swift; sourceTree = SOURCE_ROOT; };
		5B8312612A0DA18D00AD15BA /* MealDetailView.swift */ = {isa = PBXFileReference; lastKnownFileType = sourcecode.swift; path = MealDetailView.swift; sourceTree = SOURCE_ROOT; };
		5B8312662A0DCE7500AD15BA /* YouTubeVideoPlayer.swift */ = {isa = PBXFileReference; lastKnownFileType = sourcecode.swift; path = YouTubeVideoPlayer.swift; sourceTree = SOURCE_ROOT; };
		5B83126C2A0EB52700AD15BA /* MealFinderTests.xctest */ = {isa = PBXFileReference; explicitFileType = wrapper.cfbundle; includeInIndex = 0; path = MealFinderTests.xctest; sourceTree = BUILT_PRODUCTS_DIR; };
		5B83126E2A0EB52700AD15BA /* MealFinderTests.swift */ = {isa = PBXFileReference; lastKnownFileType = sourcecode.swift; path = MealFinderTests.swift; sourceTree = "<group>"; };
		5B83127C2A0F0A5600AD15BA /* MealDetailView_ViewModel.swift */ = {isa = PBXFileReference; lastKnownFileType = sourcecode.swift; path = MealDetailView_ViewModel.swift; sourceTree = "<group>"; };
/* End PBXFileReference section */

/* Begin PBXFrameworksBuildPhase section */
		5B8312452A0D8EAE00AD15BA /* Frameworks */ = {
			isa = PBXFrameworksBuildPhase;
			buildActionMask = 2147483647;
			files = (
			);
			runOnlyForDeploymentPostprocessing = 0;
		};
		5B8312692A0EB52600AD15BA /* Frameworks */ = {
			isa = PBXFrameworksBuildPhase;
			buildActionMask = 2147483647;
			files = (
			);
			runOnlyForDeploymentPostprocessing = 0;
		};
/* End PBXFrameworksBuildPhase section */

/* Begin PBXGroup section */
		5B83123F2A0D8EAE00AD15BA = {
			isa = PBXGroup;
			children = (
				5B83124A2A0D8EAE00AD15BA /* MealFinder */,
				5B83126D2A0EB52700AD15BA /* MealFinderTests */,
				5B8312492A0D8EAE00AD15BA /* Products */,
			);
			sourceTree = "<group>";
		};
		5B8312492A0D8EAE00AD15BA /* Products */ = {
			isa = PBXGroup;
			children = (
				5B8312482A0D8EAE00AD15BA /* MealFinder.app */,
				5B83126C2A0EB52700AD15BA /* MealFinderTests.xctest */,
			);
			name = Products;
			sourceTree = "<group>";
		};
		5B83124A2A0D8EAE00AD15BA /* MealFinder */ = {
			isa = PBXGroup;
			children = (
				5B8312662A0DCE7500AD15BA /* YouTubeVideoPlayer.swift */,
				5B8312612A0DA18D00AD15BA /* MealDetailView.swift */,
				5B83127C2A0F0A5600AD15BA /* MealDetailView_ViewModel.swift */,
				5B83125F2A0D9DBB00AD15BA /* MealView.swift */,
				5B83124B2A0D8EAE00AD15BA /* MealFinderApp.swift */,
				5B83124D2A0D8EAE00AD15BA /* ContentView.swift */,
				5B8312592A0D8F1D00AD15BA /* Meal.swift */,
				5B83125B2A0D924C00AD15BA /* CategoryView.swift */,
				5B83125D2A0D92DF00AD15BA /* CategoryView_ViewModel.swift */,
				5B83124F2A0D8EB500AD15BA /* Assets.xcassets */,
				5B8312512A0D8EB500AD15BA /* Preview Content */,
			);
			path = MealFinder;
			sourceTree = "<group>";
		};
		5B8312512A0D8EB500AD15BA /* Preview Content */ = {
			isa = PBXGroup;
			children = (
				5B8312522A0D8EB500AD15BA /* Preview Assets.xcassets */,
			);
			path = "Preview Content";
			sourceTree = "<group>";
		};
		5B83126D2A0EB52700AD15BA /* MealFinderTests */ = {
			isa = PBXGroup;
			children = (
				5B83126E2A0EB52700AD15BA /* MealFinderTests.swift */,
			);
			path = MealFinderTests;
			sourceTree = "<group>";
		};
/* End PBXGroup section */

/* Begin PBXNativeTarget section */
		5B8312472A0D8EAE00AD15BA /* MealFinder */ = {
			isa = PBXNativeTarget;
			buildConfigurationList = 5B8312562A0D8EB500AD15BA /* Build configuration list for PBXNativeTarget "MealFinder" */;
			buildPhases = (
				5B8312442A0D8EAE00AD15BA /* Sources */,
				5B8312452A0D8EAE00AD15BA /* Frameworks */,
				5B8312462A0D8EAE00AD15BA /* Resources */,
			);
			buildRules = (
			);
			dependencies = (
			);
			name = MealFinder;
			productName = MealFinder;
			productReference = 5B8312482A0D8EAE00AD15BA /* MealFinder.app */;
			productType = "com.apple.product-type.application";
		};
		5B83126B2A0EB52600AD15BA /* MealFinderTests */ = {
			isa = PBXNativeTarget;
			buildConfigurationList = 5B8312722A0EB52700AD15BA /* Build configuration list for PBXNativeTarget "MealFinderTests" */;
			buildPhases = (
				5B8312682A0EB52600AD15BA /* Sources */,
				5B8312692A0EB52600AD15BA /* Frameworks */,
				5B83126A2A0EB52600AD15BA /* Resources */,
			);
			buildRules = (
			);
			dependencies = (
				5B8312712A0EB52700AD15BA /* PBXTargetDependency */,
			);
			name = MealFinderTests;
			productName = MealFinderTests;
			productReference = 5B83126C2A0EB52700AD15BA /* MealFinderTests.xctest */;
			productType = "com.apple.product-type.bundle.unit-test";
		};
/* End PBXNativeTarget section */

/* Begin PBXProject section */
		5B8312402A0D8EAE00AD15BA /* Project object */ = {
			isa = PBXProject;
			attributes = {
				BuildIndependentTargetsInParallel = 1;
				LastSwiftUpdateCheck = 1420;
				LastUpgradeCheck = 1420;
				TargetAttributes = {
					5B8312472A0D8EAE00AD15BA = {
						CreatedOnToolsVersion = 14.2;
					};
					5B83126B2A0EB52600AD15BA = {
						CreatedOnToolsVersion = 14.2;
						TestTargetID = 5B8312472A0D8EAE00AD15BA;
					};
				};
			};
			buildConfigurationList = 5B8312432A0D8EAE00AD15BA /* Build configuration list for PBXProject "MealFinder" */;
			compatibilityVersion = "Xcode 14.0";
			developmentRegion = en;
			hasScannedForEncodings = 0;
			knownRegions = (
				en,
				Base,
			);
			mainGroup = 5B83123F2A0D8EAE00AD15BA;
			productRefGroup = 5B8312492A0D8EAE00AD15BA /* Products */;
			projectDirPath = "";
			projectRoot = "";
			targets = (
				5B8312472A0D8EAE00AD15BA /* MealFinder */,
				5B83126B2A0EB52600AD15BA /* MealFinderTests */,
			);
		};
/* End PBXProject section */

/* Begin PBXResourcesBuildPhase section */
		5B8312462A0D8EAE00AD15BA /* Resources */ = {
			isa = PBXResourcesBuildPhase;
			buildActionMask = 2147483647;
			files = (
				5B8312532A0D8EB500AD15BA /* Preview Assets.xcassets in Resources */,
				5B8312502A0D8EB500AD15BA /* Assets.xcassets in Resources */,
			);
			runOnlyForDeploymentPostprocessing = 0;
		};
		5B83126A2A0EB52600AD15BA /* Resources */ = {
			isa = PBXResourcesBuildPhase;
			buildActionMask = 2147483647;
			files = (
			);
			runOnlyForDeploymentPostprocessing = 0;
		};
/* End PBXResourcesBuildPhase section */

/* Begin PBXSourcesBuildPhase section */
		5B8312442A0D8EAE00AD15BA /* Sources */ = {
			isa = PBXSourcesBuildPhase;
			buildActionMask = 2147483647;
			files = (
				5B83127D2A0F0A5700AD15BA /* MealDetailView_ViewModel.swift in Sources */,
				5B83125E2A0D92DF00AD15BA /* CategoryView_ViewModel.swift in Sources */,
				5B83124E2A0D8EAE00AD15BA /* ContentView.swift in Sources */,
				5B83125A2A0D8F1D00AD15BA /* Meal.swift in Sources */,
				5B83125C2A0D924C00AD15BA /* CategoryView.swift in Sources */,
				5B8312672A0DCE7500AD15BA /* YouTubeVideoPlayer.swift in Sources */,
				5B8312622A0DA18D00AD15BA /* MealDetailView.swift in Sources */,
				5B83124C2A0D8EAE00AD15BA /* MealFinderApp.swift in Sources */,
				5B8312602A0D9DBB00AD15BA /* MealView.swift in Sources */,
			);
			runOnlyForDeploymentPostprocessing = 0;
		};
		5B8312682A0EB52600AD15BA /* Sources */ = {
			isa = PBXSourcesBuildPhase;
			buildActionMask = 2147483647;
			files = (
				5B83127E2A0F0A5700AD15BA /* MealDetailView_ViewModel.swift in Sources */,
				5B8312782A0EBECC00AD15BA /* CategoryView_ViewModel.swift in Sources */,
				5B8312752A0EBD8400AD15BA /* ContentView.swift in Sources */,
				5B8312762A0EBEA800AD15BA /* Meal.swift in Sources */,
				5B8312772A0EBEBD00AD15BA /* CategoryView.swift in Sources */,
				5B83127B2A0EBEE200AD15BA /* YouTubeVideoPlayer.swift in Sources */,
				5B83127A2A0EBEDE00AD15BA /* MealDetailView.swift in Sources */,
				5B83126F2A0EB52700AD15BA /* MealFinderTests.swift in Sources */,
				5B8312792A0EBEDB00AD15BA /* MealView.swift in Sources */,
			);
			runOnlyForDeploymentPostprocessing = 0;
		};
/* End PBXSourcesBuildPhase section */

/* Begin PBXTargetDependency section */
		5B8312712A0EB52700AD15BA /* PBXTargetDependency */ = {
			isa = PBXTargetDependency;
			target = 5B8312472A0D8EAE00AD15BA /* MealFinder */;
			targetProxy = 5B8312702A0EB52700AD15BA /* PBXContainerItemProxy */;
		};
/* End PBXTargetDependency section */

/* Begin XCBuildConfiguration section */
		5B8312542A0D8EB500AD15BA /* Debug */ = {
			isa = XCBuildConfiguration;
			buildSettings = {
				ALWAYS_SEARCH_USER_PATHS = NO;
				CLANG_ANALYZER_NONNULL = YES;
				CLANG_ANALYZER_NUMBER_OBJECT_CONVERSION = YES_AGGRESSIVE;
				CLANG_CXX_LANGUAGE_STANDARD = "gnu++20";
				CLANG_ENABLE_MODULES = YES;
				CLANG_ENABLE_OBJC_ARC = YES;
				CLANG_ENABLE_OBJC_WEAK = YES;
				CLANG_WARN_BLOCK_CAPTURE_AUTORELEASING = YES;
				CLANG_WARN_BOOL_CONVERSION = YES;
				CLANG_WARN_COMMA = YES;
				CLANG_WARN_CONSTANT_CONVERSION = YES;
				CLANG_WARN_DEPRECATED_OBJC_IMPLEMENTATIONS = YES;
				CLANG_WARN_DIRECT_OBJC_ISA_USAGE = YES_ERROR;
				CLANG_WARN_DOCUMENTATION_COMMENTS = YES;
				CLANG_WARN_EMPTY_BODY = YES;
				CLANG_WARN_ENUM_CONVERSION = YES;
				CLANG_WARN_INFINITE_RECURSION = YES;
				CLANG_WARN_INT_CONVERSION = YES;
				CLANG_WARN_NON_LITERAL_NULL_CONVERSION = YES;
				CLANG_WARN_OBJC_IMPLICIT_RETAIN_SELF = YES;
				CLANG_WARN_OBJC_LITERAL_CONVERSION = YES;
				CLANG_WARN_OBJC_ROOT_CLASS = YES_ERROR;
				CLANG_WARN_QUOTED_INCLUDE_IN_FRAMEWORK_HEADER = YES;
				CLANG_WARN_RANGE_LOOP_ANALYSIS = YES;
				CLANG_WARN_STRICT_PROTOTYPES = YES;
				CLANG_WARN_SUSPICIOUS_MOVE = YES;
				CLANG_WARN_UNGUARDED_AVAILABILITY = YES_AGGRESSIVE;
				CLANG_WARN_UNREACHABLE_CODE = YES;
				CLANG_WARN__DUPLICATE_METHOD_MATCH = YES;
				COPY_PHASE_STRIP = NO;
				DEBUG_INFORMATION_FORMAT = dwarf;
				ENABLE_STRICT_OBJC_MSGSEND = YES;
				ENABLE_TESTABILITY = YES;
				GCC_C_LANGUAGE_STANDARD = gnu11;
				GCC_DYNAMIC_NO_PIC = NO;
				GCC_NO_COMMON_BLOCKS = YES;
				GCC_OPTIMIZATION_LEVEL = 0;
				GCC_PREPROCESSOR_DEFINITIONS = (
					"DEBUG=1",
					"$(inherited)",
				);
				GCC_WARN_64_TO_32_BIT_CONVERSION = YES;
				GCC_WARN_ABOUT_RETURN_TYPE = YES_ERROR;
				GCC_WARN_UNDECLARED_SELECTOR = YES;
				GCC_WARN_UNINITIALIZED_AUTOS = YES_AGGRESSIVE;
				GCC_WARN_UNUSED_FUNCTION = YES;
				GCC_WARN_UNUSED_VARIABLE = YES;
				IPHONEOS_DEPLOYMENT_TARGET = 16.2;
				MTL_ENABLE_DEBUG_INFO = INCLUDE_SOURCE;
				MTL_FAST_MATH = YES;
				ONLY_ACTIVE_ARCH = YES;
				SDKROOT = iphoneos;
				SWIFT_ACTIVE_COMPILATION_CONDITIONS = DEBUG;
				SWIFT_OPTIMIZATION_LEVEL = "-Onone";
			};
			name = Debug;
		};
		5B8312552A0D8EB500AD15BA /* Release */ = {
			isa = XCBuildConfiguration;
			buildSettings = {
				ALWAYS_SEARCH_USER_PATHS = NO;
				CLANG_ANALYZER_NONNULL = YES;
				CLANG_ANALYZER_NUMBER_OBJECT_CONVERSION = YES_AGGRESSIVE;
				CLANG_CXX_LANGUAGE_STANDARD = "gnu++20";
				CLANG_ENABLE_MODULES = YES;
				CLANG_ENABLE_OBJC_ARC = YES;
				CLANG_ENABLE_OBJC_WEAK = YES;
				CLANG_WARN_BLOCK_CAPTURE_AUTORELEASING = YES;
				CLANG_WARN_BOOL_CONVERSION = YES;
				CLANG_WARN_COMMA = YES;
				CLANG_WARN_CONSTANT_CONVERSION = YES;
				CLANG_WARN_DEPRECATED_OBJC_IMPLEMENTATIONS = YES;
				CLANG_WARN_DIRECT_OBJC_ISA_USAGE = YES_ERROR;
				CLANG_WARN_DOCUMENTATION_COMMENTS = YES;
				CLANG_WARN_EMPTY_BODY = YES;
				CLANG_WARN_ENUM_CONVERSION = YES;
				CLANG_WARN_INFINITE_RECURSION = YES;
				CLANG_WARN_INT_CONVERSION = YES;
				CLANG_WARN_NON_LITERAL_NULL_CONVERSION = YES;
				CLANG_WARN_OBJC_IMPLICIT_RETAIN_SELF = YES;
				CLANG_WARN_OBJC_LITERAL_CONVERSION = YES;
				CLANG_WARN_OBJC_ROOT_CLASS = YES_ERROR;
				CLANG_WARN_QUOTED_INCLUDE_IN_FRAMEWORK_HEADER = YES;
				CLANG_WARN_RANGE_LOOP_ANALYSIS = YES;
				CLANG_WARN_STRICT_PROTOTYPES = YES;
				CLANG_WARN_SUSPICIOUS_MOVE = YES;
				CLANG_WARN_UNGUARDED_AVAILABILITY = YES_AGGRESSIVE;
				CLANG_WARN_UNREACHABLE_CODE = YES;
				CLANG_WARN__DUPLICATE_METHOD_MATCH = YES;
				COPY_PHASE_STRIP = NO;
				DEBUG_INFORMATION_FORMAT = "dwarf-with-dsym";
				ENABLE_NS_ASSERTIONS = NO;
				ENABLE_STRICT_OBJC_MSGSEND = YES;
				GCC_C_LANGUAGE_STANDARD = gnu11;
				GCC_NO_COMMON_BLOCKS = YES;
				GCC_WARN_64_TO_32_BIT_CONVERSION = YES;
				GCC_WARN_ABOUT_RETURN_TYPE = YES_ERROR;
				GCC_WARN_UNDECLARED_SELECTOR = YES;
				GCC_WARN_UNINITIALIZED_AUTOS = YES_AGGRESSIVE;
				GCC_WARN_UNUSED_FUNCTION = YES;
				GCC_WARN_UNUSED_VARIABLE = YES;
				IPHONEOS_DEPLOYMENT_TARGET = 16.2;
				MTL_ENABLE_DEBUG_INFO = NO;
				MTL_FAST_MATH = YES;
				SDKROOT = iphoneos;
				SWIFT_COMPILATION_MODE = wholemodule;
				SWIFT_OPTIMIZATION_LEVEL = "-O";
				VALIDATE_PRODUCT = YES;
			};
			name = Release;
		};
		5B8312572A0D8EB500AD15BA /* Debug */ = {
			isa = XCBuildConfiguration;
			buildSettings = {
				ASSETCATALOG_COMPILER_APPICON_NAME = AppIcon;
				ASSETCATALOG_COMPILER_GLOBAL_ACCENT_COLOR_NAME = AccentColor;
				CODE_SIGN_STYLE = Automatic;
				CURRENT_PROJECT_VERSION = 1;
				DEVELOPMENT_ASSET_PATHS = "\"MealFinder/Preview Content\"";
				DEVELOPMENT_TEAM = KBSC8RA6AY;
				ENABLE_PREVIEWS = YES;
				GENERATE_INFOPLIST_FILE = YES;
				INFOPLIST_KEY_UIApplicationSceneManifest_Generation = YES;
				INFOPLIST_KEY_UIApplicationSupportsIndirectInputEvents = YES;
				INFOPLIST_KEY_UILaunchScreen_Generation = YES;
				INFOPLIST_KEY_UISupportedInterfaceOrientations_iPad = "UIInterfaceOrientationPortrait UIInterfaceOrientationPortraitUpsideDown UIInterfaceOrientationLandscapeLeft UIInterfaceOrientationLandscapeRight";
				INFOPLIST_KEY_UISupportedInterfaceOrientations_iPhone = "UIInterfaceOrientationPortrait UIInterfaceOrientationLandscapeLeft UIInterfaceOrientationLandscapeRight";
				IPHONEOS_DEPLOYMENT_TARGET = 16.2;
				LD_RUNPATH_SEARCH_PATHS = (
					"$(inherited)",
					"@executable_path/Frameworks",
				);
				MARKETING_VERSION = 1.0;
				PRODUCT_BUNDLE_IDENTIFIER = None.MealFinder;
				PRODUCT_NAME = "$(TARGET_NAME)";
				SWIFT_EMIT_LOC_STRINGS = YES;
				SWIFT_VERSION = 5.0;
				TARGETED_DEVICE_FAMILY = "1,2";
			};
			name = Debug;
		};
		5B8312582A0D8EB500AD15BA /* Release */ = {
			isa = XCBuildConfiguration;
			buildSettings = {
				ASSETCATALOG_COMPILER_APPICON_NAME = AppIcon;
				ASSETCATALOG_COMPILER_GLOBAL_ACCENT_COLOR_NAME = AccentColor;
				CODE_SIGN_STYLE = Automatic;
				CURRENT_PROJECT_VERSION = 1;
				DEVELOPMENT_ASSET_PATHS = "\"MealFinder/Preview Content\"";
				DEVELOPMENT_TEAM = KBSC8RA6AY;
				ENABLE_PREVIEWS = YES;
				GENERATE_INFOPLIST_FILE = YES;
				INFOPLIST_KEY_UIApplicationSceneManifest_Generation = YES;
				INFOPLIST_KEY_UIApplicationSupportsIndirectInputEvents = YES;
				INFOPLIST_KEY_UILaunchScreen_Generation = YES;
				INFOPLIST_KEY_UISupportedInterfaceOrientations_iPad = "UIInterfaceOrientationPortrait UIInterfaceOrientationPortraitUpsideDown UIInterfaceOrientationLandscapeLeft UIInterfaceOrientationLandscapeRight";
				INFOPLIST_KEY_UISupportedInterfaceOrientations_iPhone = "UIInterfaceOrientationPortrait UIInterfaceOrientationLandscapeLeft UIInterfaceOrientationLandscapeRight";
				IPHONEOS_DEPLOYMENT_TARGET = 16.2;
				LD_RUNPATH_SEARCH_PATHS = (
					"$(inherited)",
					"@executable_path/Frameworks",
				);
				MARKETING_VERSION = 1.0;
				PRODUCT_BUNDLE_IDENTIFIER = None.MealFinder;
				PRODUCT_NAME = "$(TARGET_NAME)";
				SWIFT_EMIT_LOC_STRINGS = YES;
				SWIFT_VERSION = 5.0;
				TARGETED_DEVICE_FAMILY = "1,2";
			};
			name = Release;
		};
		5B8312732A0EB52700AD15BA /* Debug */ = {
			isa = XCBuildConfiguration;
			buildSettings = {
				BUNDLE_LOADER = "$(TEST_HOST)";
				CODE_SIGN_STYLE = Automatic;
				CURRENT_PROJECT_VERSION = 1;
				DEVELOPMENT_TEAM = KBSC8RA6AY;
				GENERATE_INFOPLIST_FILE = YES;
				MARKETING_VERSION = 1.0;
				PRODUCT_BUNDLE_IDENTIFIER = None.MealFinderTests;
				PRODUCT_NAME = "$(TARGET_NAME)";
				SWIFT_EMIT_LOC_STRINGS = NO;
				SWIFT_VERSION = 5.0;
				TARGETED_DEVICE_FAMILY = "1,2";
				TEST_HOST = "$(BUILT_PRODUCTS_DIR)/MealFinder.app/$(BUNDLE_EXECUTABLE_FOLDER_PATH)/MealFinder";
			};
			name = Debug;
		};
		5B8312742A0EB52700AD15BA /* Release */ = {
			isa = XCBuildConfiguration;
			buildSettings = {
				BUNDLE_LOADER = "$(TEST_HOST)";
				CODE_SIGN_STYLE = Automatic;
				CURRENT_PROJECT_VERSION = 1;
				DEVELOPMENT_TEAM = KBSC8RA6AY;
				GENERATE_INFOPLIST_FILE = YES;
				MARKETING_VERSION = 1.0;
				PRODUCT_BUNDLE_IDENTIFIER = None.MealFinderTests;
				PRODUCT_NAME = "$(TARGET_NAME)";
				SWIFT_EMIT_LOC_STRINGS = NO;
				SWIFT_VERSION = 5.0;
				TARGETED_DEVICE_FAMILY = "1,2";
				TEST_HOST = "$(BUILT_PRODUCTS_DIR)/MealFinder.app/$(BUNDLE_EXECUTABLE_FOLDER_PATH)/MealFinder";
			};
			name = Release;
		};
/* End XCBuildConfiguration section */

/* Begin XCConfigurationList section */
		5B8312432A0D8EAE00AD15BA /* Build configuration list for PBXProject "MealFinder" */ = {
			isa = XCConfigurationList;
			buildConfigurations = (
				5B8312542A0D8EB500AD15BA /* Debug */,
				5B8312552A0D8EB500AD15BA /* Release */,
			);
			defaultConfigurationIsVisible = 0;
			defaultConfigurationName = Release;
		};
		5B8312562A0D8EB500AD15BA /* Build configuration list for PBXNativeTarget "MealFinder" */ = {
			isa = XCConfigurationList;
			buildConfigurations = (
				5B8312572A0D8EB500AD15BA /* Debug */,
				5B8312582A0D8EB500AD15BA /* Release */,
			);
			defaultConfigurationIsVisible = 0;
			defaultConfigurationName = Release;
		};
		5B8312722A0EB52700AD15BA /* Build configuration list for PBXNativeTarget "MealFinderTests" */ = {
			isa = XCConfigurationList;
			buildConfigurations = (
				5B8312732A0EB52700AD15BA /* Debug */,
				5B8312742A0EB52700AD15BA /* Release */,
			);
			defaultConfigurationIsVisible = 0;
			defaultConfigurationName = Release;
		};
/* End XCConfigurationList section */
	};
	rootObject = 5B8312402A0D8EAE00AD15BA /* Project object */;
}
